github.com/StackExchange/wmi v0.0.0-20180725035823-b12b22c5341f h1:5ZfJxyXo8KyX8DgGXC5B7ILL8y51fci/qYz2B4j8iLY=
github.com/StackExchange/wmi v0.0.0-20180725035823-b12b22c5341f/go.mod h1:3eOhrUMpNV+6aFIbp5/iudMxNCF27Vw2OZgy4xEx0Fg=
github.com/dustin/go-humanize v0.0.0-20180713052910-9f541cc9db5d h1:lDrio3iIdNb0Gw9CgH7cQF+iuB5mOOjdJ9ERNJCBgb4=
github.com/dustin/go-humanize v0.0.0-20180713052910-9f541cc9db5d/go.mod h1:HtrtbFcZ19U5GC7JDqmcUSB87Iq5E25KnS6fMYU6eOk=
github.com/go-ole/go-ole v1.2.1 h1:2lOsA72HgjxAuMlKpFiCbHTvu44PIVkZ5hqm3RSdI/E=
github.com/go-ole/go-ole v1.2.1/go.mod h1:7FAglXiTm7HKlQRDeOQ6ZNUHidzCWXuZWq/1dTyBNF8=
github.com/shirou/gopsutil v2.17.12+incompatible h1:FNbznluSK3DQggqiVw3wK/tFKJrKlLPBuQ+V8XkkCOc=
github.com/shirou/gopsutil v2.17.12+incompatible/go.mod h1:5b4v6he4MtMOwMlS0TUMTu2PcXUg8+E1lC7eC3UO/RA=
golang.org/x/sys v0.0.0-20180907202204-917fdcba135d h1:kWn1hlsqeUrk6JsLJO0ZFyz9bMg8u85voZlIuc68ZU4=
golang.org/x/sys v0.0.0-20180907202204-917fdcba135d/go.mod h1:STP8DvDyc/dI5b8T5hshtkjS+E42TnysNCUPdjciGhY=
