code.cloudfoundry.org/clock v0.0.0-20180518195852-02e53af36e6c h1:5eeuG0BHx1+DHeT3AP+ISKZ2ht1UjGhm581ljqYpVeQ=
code.cloudfoundry.org/clock v0.0.0-20180518195852-02e53af36e6c/go.mod h1:QD9Lzhd/ux6eNQVUDVRJX/RKTigpewimNYBi7ivZKY8=
github.com/Azure/batch-insights v0.0.0-20180614201012-6d427c8344af h1:egr4mBTro2rKGAXfOAkkW0MRcu+k14V/UiajbY0bqUo=
github.com/Microsoft/ApplicationInsights-Go v0.4.2 h1:HIZoGXMiKNwAtMAgCSSX35j9mP+DjGF9ezfBvxMDLLg=
github.com/Microsoft/ApplicationInsights-Go v0.4.2/go.mod h1:CukZ/G66zxXtI+h/VcVn3eVVDGDHfXM2zVILF7bMmsg=
github.com/NVIDIA/gpu-monitoring-tools v0.0.0-20181114021304-b70474fb8511 h1:A9x/8mtuZ6Sg3QYV5bP2QCHQ53aLVaAd/G8EAZmujtg=
github.com/NVIDIA/gpu-monitoring-tools v0.0.0-20181114021304-b70474fb8511/go.mod h1:nMOvShGpWaf0bXwXmeu4k+O4uziuaEI8pWzIj3BUrOA=
github.com/StackExchange/wmi v0.0.0-20180725035823-b12b22c5341f h1:5ZfJxyXo8KyX8DgGXC5B7ILL8y51fci/qYz2B4j8iLY=
github.com/StackExchange/wmi v0.0.0-20180725035823-b12b22c5341f/go.mod h1:3eOhrUMpNV+6aFIbp5/iudMxNCF27Vw2OZgy4xEx0Fg=
github.com/dustin/go-humanize v0.0.0-20180713052910-9f541cc9db5d h1:lDrio3iIdNb0Gw9CgH7cQF+iuB5mOOjdJ9ERNJCBgb4=
github.com/dustin/go-humanize v0.0.0-20180713052910-9f541cc9db5d/go.mod h1:HtrtbFcZ19U5GC7JDqmcUSB87Iq5E25KnS6fMYU6eOk=
github.com/go-ole/go-ole v1.2.1 h1:2lOsA72HgjxAuMlKpFiCbHTvu44PIVkZ5hqm3RSdI/E=
github.com/go-ole/go-ole v1.2.1/go.mod h1:7FAglXiTm7HKlQRDeOQ6ZNUHidzCWXuZWq/1dTyBNF8=
github.com/mindprince/gonvml v0.0.0-20180514031326-b364b296c732 h1:Dl/79RxNt1t6AYIMhKzyofqooXgw6+LZtAN4EIXRLCk=
github.com/mindprince/gonvml v0.0.0-20180514031326-b364b296c732/go.mod h1:2eu9pRWp8mo84xCg6KswZ+USQHjwgRhNp06sozOdsTY=
github.com/mxpv/nvml-go v0.0.0-20180227003457-e07f8c26812d h1:lQo1zUtnGr52K2a+Ll3DNDoukmPeuHK11baUNGRDSt0=
github.com/mxpv/nvml-go v0.0.0-20180227003457-e07f8c26812d/go.mod h1:PS1oTOPfvtFjl9T7nduA/RYrIpqtRh2Nvk++rQCZ2q8=
github.com/pkg/errors v0.8.0 h1:WdK/asTD0HN+q6hsWO3/vpuAkAr+tw6aNJNDFFf0+qw=
github.com/pkg/errors v0.8.0/go.mod h1:bwawxfHBFNV+L2hUp1rHADufV3IMtnDRdf1r5NINEl0=
github.com/satori/go.uuid v1.2.0 h1:0uYX9dsZ2yD7q2RtLRtPSdGDWzjeM3TbMJP9utgA0ww=
github.com/satori/go.uuid v1.2.0/go.mod h1:dA0hQrYB0VpLJoorglMZABFdXlWrHn1NEOzdhQKdks0=
github.com/shirou/gopsutil v2.18.11+incompatible h1:PMFTKnFTr/YTRW5rbLK4vWALV3a+IGXse5nvhSjztmg=
github.com/shirou/gopsutil v2.18.11+incompatible/go.mod h1:5b4v6he4MtMOwMlS0TUMTu2PcXUg8+E1lC7eC3UO/RA=
golang.org/x/sys v0.0.0-20180907202204-917fdcba135d h1:kWn1hlsqeUrk6JsLJO0ZFyz9bMg8u85voZlIuc68ZU4=
golang.org/x/sys v0.0.0-20180907202204-917fdcba135d/go.mod h1:STP8DvDyc/dI5b8T5hshtkjS+E42TnysNCUPdjciGhY=
